
Microsoft Visual Studio Solution File, Format Version 12.00
# Visual Studio Version 17
VisualStudioVersion = 17.14.36429.23
MinimumVisualStudioVersion = 10.0.40219.1
Project("{FAE04EC0-301F-11D3-BF4B-00C04F79EFBC}") = "webApitest", "webApitest\webApitest.csproj", "{ACA69FE4-5681-4838-9AFA-36C8FF1B8316}"
EndProject
Project("{FAE04EC0-301F-11D3-BF4B-00C04F79EFBC}") = "DocumentVerificationDLL", "..\..\..\Downloads\capstone-end-to-end-main\capstone-end-to-end-main\DocumentVerificationDLL\DocumentVerificationDLL\DocumentVerificationDLL.csproj", "{414AFC1F-872E-88E6-DA1C-E06BB1FA7214}"
EndProject
Global
	GlobalSection(SolutionConfigurationPlatforms) = preSolution
		Debug|Any CPU = Debug|Any CPU
		Release|Any CPU = Release|Any CPU
	EndGlobalSection
	GlobalSection(ProjectConfigurationPlatforms) = postSolution
		{ACA69FE4-5681-4838-9AFA-36C8FF1B8316}.Debug|Any CPU.ActiveCfg = Debug|Any CPU
		{ACA69FE4-5681-4838-9AFA-36C8FF1B8316}.Debug|Any CPU.Build.0 = Debug|Any CPU
		{ACA69FE4-5681-4838-9AFA-36C8FF1B8316}.Release|Any CPU.ActiveCfg = Release|Any CPU
		{ACA69FE4-5681-4838-9AFA-36C8FF1B8316}.Release|Any CPU.Build.0 = Release|Any CPU
		{414AFC1F-872E-88E6-DA1C-E06BB1FA7214}.Debug|Any CPU.ActiveCfg = Debug|Any CPU
		{414AFC1F-872E-88E6-DA1C-E06BB1FA7214}.Debug|Any CPU.Build.0 = Debug|Any CPU
		{414AFC1F-872E-88E6-DA1C-E06BB1FA7214}.Release|Any CPU.ActiveCfg = Release|Any CPU
		{414AFC1F-872E-88E6-DA1C-E06BB1FA7214}.Release|Any CPU.Build.0 = Release|Any CPU
	EndGlobalSection
	GlobalSection(SolutionProperties) = preSolution
		HideSolutionNode = FALSE
	EndGlobalSection
	GlobalSection(ExtensibilityGlobals) = postSolution
		SolutionGuid = {D875BD40-556F-43AC-B7A1-1C857CEEAF1C}
	EndGlobalSection
EndGlobal
